// !$*UTF8*$!
{
	archiveVersion = 1;
	classes = {
	};
	objectVersion = 46;
	objects = {

/* Begin PBXBuildFile section */
		AF5F864A1C9720270086CA82 /* main.m in Sources */ = {isa = PBXBuildFile; fileRef = AF5F86491C9720270086CA82 /* main.m */; };
		AF5F864D1C9720270086CA82 /* AppDelegate.m in Sources */ = {isa = PBXBuildFile; fileRef = AF5F864C1C9720270086CA82 /* AppDelegate.m */; };
		AF5F86501C9720270086CA82 /* ViewController.m in Sources */ = {isa = PBXBuildFile; fileRef = AF5F864F1C9720270086CA82 /* ViewController.m */; };
		AF5F86531C9720270086CA82 /* Main.storyboard in Resources */ = {isa = PBXBuildFile; fileRef = AF5F86511C9720270086CA82 /* Main.storyboard */; };
		AF5F86551C9720270086CA82 /* Assets.xcassets in Resources */ = {isa = PBXBuildFile; fileRef = AF5F86541C9720270086CA82 /* Assets.xcassets */; };
		AF5F86581C9720270086CA82 /* LaunchScreen.storyboard in Resources */ = {isa = PBXBuildFile; fileRef = AF5F86561C9720270086CA82 /* LaunchScreen.storyboard */; };
/* End PBXBuildFile section */

/* Begin PBXFileReference section */
		AF5F86451C9720270086CA82 /* LocationReminders.app */ = {isa = PBXFileReference; explicitFileType = wrapper.application; includeInIndex = 0; path = LocationReminders.app; sourceTree = BUILT_PRODUCTS_DIR; };
		AF5F86491C9720270086CA82 /* main.m */ = {isa = PBXFileReference; lastKnownFileType = sourcecode.c.objc; path = main.m; sourceTree = "<group>"; };
		AF5F864B1C9720270086CA82 /* AppDelegate.h */ = {isa = PBXFileReference; lastKnownFileType = sourcecode.c.h; path = AppDelegate.h; sourceTree = "<group>"; };
		AF5F864C1C9720270086CA82 /* AppDelegate.m */ = {isa = PBXFileReference; lastKnownFileType = sourcecode.c.objc; path = AppDelegate.m; sourceTree = "<group>"; };
		AF5F864E1C9720270086CA82 /* ViewController.h */ = {isa = PBXFileReference; lastKnownFileType = sourcecode.c.h; path = ViewController.h; sourceTree = "<group>"; };
		AF5F864F1C9720270086CA82 /* ViewController.m */ = {isa = PBXFileReference; lastKnownFileType = sourcecode.c.objc; path = ViewController.m; sourceTree = "<group>"; };
		AF5F86521C9720270086CA82 /* Base */ = {isa = PBXFileReference; lastKnownFileType = file.storyboard; name = Base; path = Base.lproj/Main.storyboard; sourceTree = "<group>"; };
		AF5F86541C9720270086CA82 /* Assets.xcassets */ = {isa = PBXFileReference; lastKnownFileType = folder.assetcatalog; path = Assets.xcassets; sourceTree = "<group>"; };
		AF5F86571C9720270086CA82 /* Base */ = {isa = PBXFileReference; lastKnownFileType = file.storyboard; name = Base; path = Base.lproj/LaunchScreen.storyboard; sourceTree = "<group>"; };
		AF5F86591C9720270086CA82 /* Info.plist */ = {isa = PBXFileReference; lastKnownFileType = text.plist.xml; path = Info.plist; sourceTree = "<group>"; };
/* End PBXFileReference section */

/* Begin PBXFrameworksBuildPhase section */
		AF5F86421C9720270086CA82 /* Frameworks */ = {
			isa = PBXFrameworksBuildPhase;
			buildActionMask = 2147483647;
			files = (
			);
			runOnlyForDeploymentPostprocessing = 0;
		};
/* End PBXFrameworksBuildPhase section */

/* Begin PBXGroup section */
		AF5F863C1C9720270086CA82 = {
			isa = PBXGroup;
			children = (
				AF5F86471C9720270086CA82 /* LocationReminders */,
				AF5F86461C9720270086CA82 /* Products */,
			);
			sourceTree = "<group>";
		};
		AF5F86461C9720270086CA82 /* Products */ = {
			isa = PBXGroup;
			children = (
				AF5F86451C9720270086CA82 /* LocationReminders.app */,
			);
			name = Products;
			sourceTree = "<group>";
		};
		AF5F86471C9720270086CA82 /* LocationReminders */ = {
			isa = PBXGroup;
			children = (
				AF5F864B1C9720270086CA82 /* AppDelegate.h */,
				AF5F864C1C9720270086CA82 /* AppDelegate.m */,
				AF5F864E1C9720270086CA82 /* ViewController.h */,
				AF5F864F1C9720270086CA82 /* ViewController.m */,
				AF5F86511C9720270086CA82 /* Main.storyboard */,
				AF5F86541C9720270086CA82 /* Assets.xcassets */,
				AF5F86561C9720270086CA82 /* LaunchScreen.storyboard */,
				AF5F86591C9720270086CA82 /* Info.plist */,
				AF5F86481C9720270086CA82 /* Supporting Files */,
			);
			path = LocationReminders;
			sourceTree = "<group>";
		};
		AF5F86481C9720270086CA82 /* Supporting Files */ = {
			isa = PBXGroup;
			children = (
				AF5F86491C9720270086CA82 /* main.m */,
			);
			name = "Supporting Files";
			sourceTree = "<group>";
		};
/* End PBXGroup section */

/* Begin PBXNativeTarget section */
		AF5F86441C9720270086CA82 /* LocationReminders */ = {
			isa = PBXNativeTarget;
			buildConfigurationList = AF5F865C1C9720270086CA82 /* Build configuration list for PBXNativeTarget "LocationReminders" */;
			buildPhases = (
				AF5F86411C9720270086CA82 /* Sources */,
				AF5F86421C9720270086CA82 /* Frameworks */,
				AF5F86431C9720270086CA82 /* Resources */,
			);
			buildRules = (
			);
			dependencies = (
			);
			name = LocationReminders;
			productName = LocationReminders;
			productReference = AF5F86451C9720270086CA82 /* LocationReminders.app */;
			productType = "com.apple.product-type.application";
		};
/* End PBXNativeTarget section */

/* Begin PBXProject section */
		AF5F863D1C9720270086CA82 /* Project object */ = {
			isa = PBXProject;
			attributes = {
				LastUpgradeCheck = 0720;
				ORGANIZATIONNAME = "Lacey Vu";
				TargetAttributes = {
					AF5F86441C9720270086CA82 = {
						CreatedOnToolsVersion = 7.2.1;
					};
				};
			};
			buildConfigurationList = AF5F86401C9720270086CA82 /* Build configuration list for PBXProject "LocationReminders" */;
			compatibilityVersion = "Xcode 3.2";
			developmentRegion = English;
			hasScannedForEncodings = 0;
			knownRegions = (
				en,
				Base,
			);
			mainGroup = AF5F863C1C9720270086CA82;
			productRefGroup = AF5F86461C9720270086CA82 /* Products */;
			projectDirPath = "";
			projectRoot = "";
			targets = (
				AF5F86441C9720270086CA82 /* LocationReminders */,
			);
		};
/* End PBXProject section */

/* Begin PBXResourcesBuildPhase section */
		AF5F86431C9720270086CA82 /* Resources */ = {
			isa = PBXResourcesBuildPhase;
			buildActionMask = 2147483647;
			files = (
				AF5F86581C9720270086CA82 /* LaunchScreen.storyboard in Resources */,
				AF5F86551C9720270086CA82 /* Assets.xcassets in Resources */,
				AF5F86531C9720270086CA82 /* Main.storyboard in Resources */,
			);
			runOnlyForDeploymentPostprocessing = 0;
		};
/* End PBXResourcesBuildPhase section */

/* Begin PBXSourcesBuildPhase section */
		AF5F86411C9720270086CA82 /* Sources */ = {
			isa = PBXSourcesBuildPhase;
			buildActionMask = 2147483647;
			files = (
				AF5F86501C9720270086CA82 /* ViewController.m in Sources */,
				AF5F864D1C9720270086CA82 /* AppDelegate.m in Sources */,
				AF5F864A1C9720270086CA82 /* main.m in Sources */,
			);
			runOnlyForDeploymentPostprocessing = 0;
		};
/* End PBXSourcesBuildPhase section */

/* Begin PBXVariantGroup section */
		AF5F86511C9720270086CA82 /* Main.storyboard */ = {
			isa = PBXVariantGroup;
			children = (
				AF5F86521C9720270086CA82 /* Base */,
			);
			name = Main.storyboard;
			sourceTree = "<group>";
		};
		AF5F86561C9720270086CA82 /* LaunchScreen.storyboard */ = {
			isa = PBXVariantGroup;
			children = (
				AF5F86571C9720270086CA82 /* Base */,
			);
			name = LaunchScreen.storyboard;
			sourceTree = "<group>";
		};
/* End PBXVariantGroup section */

/* Begin XCBuildConfiguration section */
		AF5F865A1C9720270086CA82 /* Debug */ = {
			isa = XCBuildConfiguration;
			buildSettings = {
				ALWAYS_SEARCH_USER_PATHS = NO;
				CLANG_CXX_LANGUAGE_STANDARD = "gnu++0x";
				CLANG_CXX_LIBRARY = "libc++";
				CLANG_ENABLE_MODULES = YES;
				CLANG_ENABLE_OBJC_ARC = YES;
				CLANG_WARN_BOOL_CONVERSION = YES;
				CLANG_WARN_CONSTANT_CONVERSION = YES;
				CLANG_WARN_DIRECT_OBJC_ISA_USAGE = YES_ERROR;
				CLANG_WARN_EMPTY_BODY = YES;
				CLANG_WARN_ENUM_CONVERSION = YES;
				CLANG_WARN_INT_CONVERSION = YES;
				CLANG_WARN_OBJC_ROOT_CLASS = YES_ERROR;
				CLANG_WARN_UNREACHABLE_CODE = YES;
				CLANG_WARN__DUPLICATE_METHOD_MATCH = YES;
				"CODE_SIGN_IDENTITY[sdk=iphoneos*]" = "iPhone Developer";
				COPY_PHASE_STRIP = NO;
				DEBUG_INFORMATION_FORMAT = dwarf;
				ENABLE_STRICT_OBJC_MSGSEND = YES;
				ENABLE_TESTABILITY = YES;
				GCC_C_LANGUAGE_STANDARD = gnu99;
				GCC_DYNAMIC_NO_PIC = NO;
				GCC_NO_COMMON_BLOCKS = YES;
				GCC_OPTIMIZATION_LEVEL = 0;
				GCC_PREPROCESSOR_DEFINITIONS = (
					"DEBUG=1",
					"$(inherited)",
				);
				GCC_WARN_64_TO_32_BIT_CONVERSION = YES;
				GCC_WARN_ABOUT_RETURN_TYPE = YES_ERROR;
				GCC_WARN_UNDECLARED_SELECTOR = YES;
				GCC_WARN_UNINITIALIZED_AUTOS = YES_AGGRESSIVE;
				GCC_WARN_UNUSED_FUNCTION = YES;
				GCC_WARN_UNUSED_VARIABLE = YES;
				IPHONEOS_DEPLOYMENT_TARGET = 9.2;
				MTL_ENABLE_DEBUG_INFO = YES;
				ONLY_ACTIVE_ARCH = YES;
				SDKROOT = iphoneos;
				TARGETED_DEVICE_FAMILY = "1,2";
			};
			name = Debug;
		};
		AF5F865B1C9720270086CA82 /* Release */ = {
			isa = XCBuildConfiguration;
			buildSettings = {
				ALWAYS_SEARCH_USER_PATHS = NO;
				CLANG_CXX_LANGUAGE_STANDARD = "gnu++0x";
				CLANG_CXX_LIBRARY = "libc++";
				CLANG_ENABLE_MODULES = YES;
				CLANG_ENABLE_OBJC_ARC = YES;
				CLANG_WARN_BOOL_CONVERSION = YES;
				CLANG_WARN_CONSTANT_CONVERSION = YES;
				CLANG_WARN_DIRECT_OBJC_ISA_USAGE = YES_ERROR;
				CLANG_WARN_EMPTY_BODY = YES;
				CLANG_WARN_ENUM_CONVERSION = YES;
				CLANG_WARN_INT_CONVERSION = YES;
				CLANG_WARN_OBJC_ROOT_CLASS = YES_ERROR;
				CLANG_WARN_UNREACHABLE_CODE = YES;
				CLANG_WARN__DUPLICATE_METHOD_MATCH = YES;
				"CODE_SIGN_IDENTITY[sdk=iphoneos*]" = "iPhone Developer";
				COPY_PHASE_STRIP = NO;
				DEBUG_INFORMATION_FORMAT = "dwarf-with-dsym";
				ENABLE_NS_ASSERTIONS = NO;
				ENABLE_STRICT_OBJC_MSGSEND = YES;
				GCC_C_LANGUAGE_STANDARD = gnu99;
				GCC_NO_COMMON_BLOCKS = YES;
				GCC_WARN_64_TO_32_BIT_CONVERSION = YES;
				GCC_WARN_ABOUT_RETURN_TYPE = YES_ERROR;
				GCC_WARN_UNDECLARED_SELECTOR = YES;
				GCC_WARN_UNINITIALIZED_AUTOS = YES_AGGRESSIVE;
				GCC_WARN_UNUSED_FUNCTION = YES;
				GCC_WARN_UNUSED_VARIABLE = YES;
				IPHONEOS_DEPLOYMENT_TARGET = 9.2;
				MTL_ENABLE_DEBUG_INFO = NO;
				SDKROOT = iphoneos;
				TARGETED_DEVICE_FAMILY = "1,2";
				VALIDATE_PRODUCT = YES;
			};
			name = Release;
		};
		AF5F865D1C9720270086CA82 /* Debug */ = {
			isa = XCBuildConfiguration;
			buildSettings = {
				ASSETCATALOG_COMPILER_APPICON_NAME = AppIcon;
				INFOPLIST_FILE = LocationReminders/Info.plist;
				LD_RUNPATH_SEARCH_PATHS = "$(inherited) @executable_path/Frameworks";
				PRODUCT_BUNDLE_IDENTIFIER = com.laceyvu.LocationReminders;
				PRODUCT_NAME = "$(TARGET_NAME)";
			};
			name = Debug;
		};
		AF5F865E1C9720270086CA82 /* Release */ = {
			isa = XCBuildConfiguration;
			buildSettings = {
				ASSETCATALOG_COMPILER_APPICON_NAME = AppIcon;
				INFOPLIST_FILE = LocationReminders/Info.plist;
				LD_RUNPATH_SEARCH_PATHS = "$(inherited) @executable_path/Frameworks";
				PRODUCT_BUNDLE_IDENTIFIER = com.laceyvu.LocationReminders;
				PRODUCT_NAME = "$(TARGET_NAME)";
			};
			name = Release;
		};
/* End XCBuildConfiguration section */

/* Begin XCConfigurationList section */
		AF5F86401C9720270086CA82 /* Build configuration list for PBXProject "LocationReminders" */ = {
			isa = XCConfigurationList;
			buildConfigurations = (
				AF5F865A1C9720270086CA82 /* Debug */,
				AF5F865B1C9720270086CA82 /* Release */,
			);
			defaultConfigurationIsVisible = 0;
			defaultConfigurationName = Release;
		};
		AF5F865C1C9720270086CA82 /* Build configuration list for PBXNativeTarget "LocationReminders" */ = {
			isa = XCConfigurationList;
			buildConfigurations = (
				AF5F865D1C9720270086CA82 /* Debug */,
				AF5F865E1C9720270086CA82 /* Release */,
			);
			defaultConfigurationIsVisible = 0;
		};
/* End XCConfigurationList section */
	};
	rootObject = AF5F863D1C9720270086CA82 /* Project object */;
}
