// !$*UTF8*$!
{
	archiveVersion = 1;
	classes = {
	};
	objectVersion = 46;
	objects = {

/* Begin PBXBuildFile section */
		AF5F864A1C9720270086CA82 /* main.m in Sources */ = {isa = PBXBuildFile; fileRef = AF5F86491C9720270086CA82 /* main.m */; };
		AF5F864D1C9720270086CA82 /* AppDelegate.m in Sources */ = {isa = PBXBuildFile; fileRef = AF5F864C1C9720270086CA82 /* AppDelegate.m */; };
		AF5F86501C9720270086CA82 /* ViewController.m in Sources */ = {isa = PBXBuildFile; fileRef = AF5F864F1C9720270086CA82 /* ViewController.m */; };
		AF5F86531C9720270086CA82 /* Main.storyboard in Resources */ = {isa = PBXBuildFile; fileRef = AF5F86511C9720270086CA82 /* Main.storyboard */; };
		AF5F86551C9720270086CA82 /* Assets.xcassets in Resources */ = {isa = PBXBuildFile; fileRef = AF5F86541C9720270086CA82 /* Assets.xcassets */; };
		AF5F86581C9720270086CA82 /* LaunchScreen.storyboard in Resources */ = {isa = PBXBuildFile; fileRef = AF5F86561C9720270086CA82 /* LaunchScreen.storyboard */; };
		AF5F86651C97209E0086CA82 /* Bolts.framework in Frameworks */ = {isa = PBXBuildFile; fileRef = AF5F865F1C97209E0086CA82 /* Bolts.framework */; };
		AF5F86661C97209E0086CA82 /* Parse.framework in Frameworks */ = {isa = PBXBuildFile; fileRef = AF5F86601C97209E0086CA82 /* Parse.framework */; };
		AF5F86671C97209E0086CA82 /* ParseFacebookUtils.framework in Frameworks */ = {isa = PBXBuildFile; fileRef = AF5F86611C97209E0086CA82 /* ParseFacebookUtils.framework */; };
		AF5F86681C97209E0086CA82 /* ParseFacebookUtilsV4.framework in Frameworks */ = {isa = PBXBuildFile; fileRef = AF5F86621C97209E0086CA82 /* ParseFacebookUtilsV4.framework */; };
		AF5F86691C97209E0086CA82 /* ParseTwitterUtils.framework in Frameworks */ = {isa = PBXBuildFile; fileRef = AF5F86631C97209E0086CA82 /* ParseTwitterUtils.framework */; };
		AF5F866A1C97209E0086CA82 /* ParseUI.framework in Frameworks */ = {isa = PBXBuildFile; fileRef = AF5F86641C97209E0086CA82 /* ParseUI.framework */; };
		AF5F866C1C9720F70086CA82 /* libsqlite3.0.tbd in Frameworks */ = {isa = PBXBuildFile; fileRef = AF5F866B1C9720F70086CA82 /* libsqlite3.0.tbd */; };
		AF5F866E1C9721020086CA82 /* SystemConfiguration.framework in Frameworks */ = {isa = PBXBuildFile; fileRef = AF5F866D1C9721020086CA82 /* SystemConfiguration.framework */; };
		AF5F86721C97210E0086CA82 /* Security.framework in Frameworks */ = {isa = PBXBuildFile; fileRef = AF5F86711C97210E0086CA82 /* Security.framework */; };
		AF5F86741C9721160086CA82 /* QuartzCore.framework in Frameworks */ = {isa = PBXBuildFile; fileRef = AF5F86731C9721160086CA82 /* QuartzCore.framework */; };
		AF5F86761C9721230086CA82 /* MobileCoreServices.framework in Frameworks */ = {isa = PBXBuildFile; fileRef = AF5F86751C9721230086CA82 /* MobileCoreServices.framework */; };
		AF5F86781C9721290086CA82 /* libz.tbd in Frameworks */ = {isa = PBXBuildFile; fileRef = AF5F86771C9721290086CA82 /* libz.tbd */; };
		AF5F867A1C9721310086CA82 /* CoreLocation.framework in Frameworks */ = {isa = PBXBuildFile; fileRef = AF5F86791C9721310086CA82 /* CoreLocation.framework */; };
		AF5F867C1C97213A0086CA82 /* CoreGraphics.framework in Frameworks */ = {isa = PBXBuildFile; fileRef = AF5F867B1C97213A0086CA82 /* CoreGraphics.framework */; };
		AF5F867E1C9721400086CA82 /* AudioToolbox.framework in Frameworks */ = {isa = PBXBuildFile; fileRef = AF5F867D1C9721400086CA82 /* AudioToolbox.framework */; };
		AF5F86801C97214A0086CA82 /* Foundation.framework in Frameworks */ = {isa = PBXBuildFile; fileRef = AF5F867F1C97214A0086CA82 /* Foundation.framework */; };
		AF5F86831C973E2A0086CA82 /* MapKit.framework in Frameworks */ = {isa = PBXBuildFile; fileRef = AF5F86821C973E2A0086CA82 /* MapKit.framework */; };
		AF5F86981C9778720086CA82 /* Stack.m in Sources */ = {isa = PBXBuildFile; fileRef = AF5F86971C9778720086CA82 /* Stack.m */; };
		AF5F869E1C9780870086CA82 /* Queue.m in Sources */ = {isa = PBXBuildFile; fileRef = AF5F869D1C9780870086CA82 /* Queue.m */; };
		AF5F86A11C97B8DE0086CA82 /* ListItem.m in Sources */ = {isa = PBXBuildFile; fileRef = AF5F86A01C97B8DE0086CA82 /* ListItem.m */; };
		AF8E93F51C989A1600E2F723 /* DetailViewController.m in Sources */ = {isa = PBXBuildFile; fileRef = AF8E93F41C989A1600E2F723 /* DetailViewController.m */; };
		AF8E93F81C98A17E00E2F723 /* LocationController.m in Sources */ = {isa = PBXBuildFile; fileRef = AF8E93F71C98A17E00E2F723 /* LocationController.m */; };
		AF8E93FB1C98CD1D00E2F723 /* Anagrams.m in Sources */ = {isa = PBXBuildFile; fileRef = AF8E93FA1C98CD1D00E2F723 /* Anagrams.m */; };
		AF8E93FF1C99D0EE00E2F723 /* Reminder.m in Sources */ = {isa = PBXBuildFile; fileRef = AF8E93FE1C99D0EE00E2F723 /* Reminder.m */; };
/* End PBXBuildFile section */

/* Begin PBXFileReference section */
		AF5F86451C9720270086CA82 /* LocationReminders.app */ = {isa = PBXFileReference; explicitFileType = wrapper.application; includeInIndex = 0; path = LocationReminders.app; sourceTree = BUILT_PRODUCTS_DIR; };
		AF5F86491C9720270086CA82 /* main.m */ = {isa = PBXFileReference; lastKnownFileType = sourcecode.c.objc; path = main.m; sourceTree = "<group>"; };
		AF5F864B1C9720270086CA82 /* AppDelegate.h */ = {isa = PBXFileReference; lastKnownFileType = sourcecode.c.h; path = AppDelegate.h; sourceTree = "<group>"; };
		AF5F864C1C9720270086CA82 /* AppDelegate.m */ = {isa = PBXFileReference; lastKnownFileType = sourcecode.c.objc; path = AppDelegate.m; sourceTree = "<group>"; };
		AF5F864E1C9720270086CA82 /* ViewController.h */ = {isa = PBXFileReference; lastKnownFileType = sourcecode.c.h; path = ViewController.h; sourceTree = "<group>"; };
		AF5F864F1C9720270086CA82 /* ViewController.m */ = {isa = PBXFileReference; lastKnownFileType = sourcecode.c.objc; path = ViewController.m; sourceTree = "<group>"; };
		AF5F86521C9720270086CA82 /* Base */ = {isa = PBXFileReference; lastKnownFileType = file.storyboard; name = Base; path = Base.lproj/Main.storyboard; sourceTree = "<group>"; };
		AF5F86541C9720270086CA82 /* Assets.xcassets */ = {isa = PBXFileReference; lastKnownFileType = folder.assetcatalog; path = Assets.xcassets; sourceTree = "<group>"; };
		AF5F86571C9720270086CA82 /* Base */ = {isa = PBXFileReference; lastKnownFileType = file.storyboard; name = Base; path = Base.lproj/LaunchScreen.storyboard; sourceTree = "<group>"; };
		AF5F86591C9720270086CA82 /* Info.plist */ = {isa = PBXFileReference; lastKnownFileType = text.plist.xml; path = Info.plist; sourceTree = "<group>"; };
		AF5F865F1C97209E0086CA82 /* Bolts.framework */ = {isa = PBXFileReference; lastKnownFileType = wrapper.framework; name = Bolts.framework; path = LocationReminders/Bolts.framework; sourceTree = "<group>"; };
		AF5F86601C97209E0086CA82 /* Parse.framework */ = {isa = PBXFileReference; lastKnownFileType = wrapper.framework; name = Parse.framework; path = LocationReminders/Parse.framework; sourceTree = "<group>"; };
		AF5F86611C97209E0086CA82 /* ParseFacebookUtils.framework */ = {isa = PBXFileReference; lastKnownFileType = wrapper.framework; name = ParseFacebookUtils.framework; path = LocationReminders/ParseFacebookUtils.framework; sourceTree = "<group>"; };
		AF5F86621C97209E0086CA82 /* ParseFacebookUtilsV4.framework */ = {isa = PBXFileReference; lastKnownFileType = wrapper.framework; name = ParseFacebookUtilsV4.framework; path = LocationReminders/ParseFacebookUtilsV4.framework; sourceTree = "<group>"; };
		AF5F86631C97209E0086CA82 /* ParseTwitterUtils.framework */ = {isa = PBXFileReference; lastKnownFileType = wrapper.framework; name = ParseTwitterUtils.framework; path = LocationReminders/ParseTwitterUtils.framework; sourceTree = "<group>"; };
		AF5F86641C97209E0086CA82 /* ParseUI.framework */ = {isa = PBXFileReference; lastKnownFileType = wrapper.framework; name = ParseUI.framework; path = LocationReminders/ParseUI.framework; sourceTree = "<group>"; };
		AF5F866B1C9720F70086CA82 /* libsqlite3.0.tbd */ = {isa = PBXFileReference; lastKnownFileType = "sourcecode.text-based-dylib-definition"; name = libsqlite3.0.tbd; path = usr/lib/libsqlite3.0.tbd; sourceTree = SDKROOT; };
		AF5F866D1C9721020086CA82 /* SystemConfiguration.framework */ = {isa = PBXFileReference; lastKnownFileType = wrapper.framework; name = SystemConfiguration.framework; path = System/Library/Frameworks/SystemConfiguration.framework; sourceTree = SDKROOT; };
		AF5F86711C97210E0086CA82 /* Security.framework */ = {isa = PBXFileReference; lastKnownFileType = wrapper.framework; name = Security.framework; path = System/Library/Frameworks/Security.framework; sourceTree = SDKROOT; };
		AF5F86731C9721160086CA82 /* QuartzCore.framework */ = {isa = PBXFileReference; lastKnownFileType = wrapper.framework; name = QuartzCore.framework; path = System/Library/Frameworks/QuartzCore.framework; sourceTree = SDKROOT; };
		AF5F86751C9721230086CA82 /* MobileCoreServices.framework */ = {isa = PBXFileReference; lastKnownFileType = wrapper.framework; name = MobileCoreServices.framework; path = System/Library/Frameworks/MobileCoreServices.framework; sourceTree = SDKROOT; };
		AF5F86771C9721290086CA82 /* libz.tbd */ = {isa = PBXFileReference; lastKnownFileType = "sourcecode.text-based-dylib-definition"; name = libz.tbd; path = usr/lib/libz.tbd; sourceTree = SDKROOT; };
		AF5F86791C9721310086CA82 /* CoreLocation.framework */ = {isa = PBXFileReference; lastKnownFileType = wrapper.framework; name = CoreLocation.framework; path = System/Library/Frameworks/CoreLocation.framework; sourceTree = SDKROOT; };
		AF5F867B1C97213A0086CA82 /* CoreGraphics.framework */ = {isa = PBXFileReference; lastKnownFileType = wrapper.framework; name = CoreGraphics.framework; path = System/Library/Frameworks/CoreGraphics.framework; sourceTree = SDKROOT; };
		AF5F867D1C9721400086CA82 /* AudioToolbox.framework */ = {isa = PBXFileReference; lastKnownFileType = wrapper.framework; name = AudioToolbox.framework; path = System/Library/Frameworks/AudioToolbox.framework; sourceTree = SDKROOT; };
		AF5F867F1C97214A0086CA82 /* Foundation.framework */ = {isa = PBXFileReference; lastKnownFileType = wrapper.framework; name = Foundation.framework; path = System/Library/Frameworks/Foundation.framework; sourceTree = SDKROOT; };
		AF5F86821C973E2A0086CA82 /* MapKit.framework */ = {isa = PBXFileReference; lastKnownFileType = wrapper.framework; name = MapKit.framework; path = System/Library/Frameworks/MapKit.framework; sourceTree = SDKROOT; };
		AF5F86961C9778720086CA82 /* Stack.h */ = {isa = PBXFileReference; fileEncoding = 4; lastKnownFileType = sourcecode.c.h; path = Stack.h; sourceTree = "<group>"; };
		AF5F86971C9778720086CA82 /* Stack.m */ = {isa = PBXFileReference; fileEncoding = 4; lastKnownFileType = sourcecode.c.objc; path = Stack.m; sourceTree = "<group>"; };
		AF5F869C1C9780870086CA82 /* Queue.h */ = {isa = PBXFileReference; fileEncoding = 4; lastKnownFileType = sourcecode.c.h; path = Queue.h; sourceTree = "<group>"; };
		AF5F869D1C9780870086CA82 /* Queue.m */ = {isa = PBXFileReference; fileEncoding = 4; lastKnownFileType = sourcecode.c.objc; path = Queue.m; sourceTree = "<group>"; };
		AF5F869F1C97B8DE0086CA82 /* ListItem.h */ = {isa = PBXFileReference; fileEncoding = 4; lastKnownFileType = sourcecode.c.h; path = ListItem.h; sourceTree = "<group>"; };
		AF5F86A01C97B8DE0086CA82 /* ListItem.m */ = {isa = PBXFileReference; fileEncoding = 4; lastKnownFileType = sourcecode.c.objc; path = ListItem.m; sourceTree = "<group>"; };
		AF8E93F31C989A1600E2F723 /* DetailViewController.h */ = {isa = PBXFileReference; fileEncoding = 4; lastKnownFileType = sourcecode.c.h; path = DetailViewController.h; sourceTree = "<group>"; };
		AF8E93F41C989A1600E2F723 /* DetailViewController.m */ = {isa = PBXFileReference; fileEncoding = 4; lastKnownFileType = sourcecode.c.objc; path = DetailViewController.m; sourceTree = "<group>"; };
		AF8E93F61C98A17E00E2F723 /* LocationController.h */ = {isa = PBXFileReference; fileEncoding = 4; lastKnownFileType = sourcecode.c.h; name = LocationController.h; path = ../LocationController.h; sourceTree = "<group>"; };
		AF8E93F71C98A17E00E2F723 /* LocationController.m */ = {isa = PBXFileReference; fileEncoding = 4; lastKnownFileType = sourcecode.c.objc; name = LocationController.m; path = ../LocationController.m; sourceTree = "<group>"; };
		AF8E93F91C98CD1D00E2F723 /* Anagrams.h */ = {isa = PBXFileReference; fileEncoding = 4; lastKnownFileType = sourcecode.c.h; path = Anagrams.h; sourceTree = "<group>"; };
		AF8E93FA1C98CD1D00E2F723 /* Anagrams.m */ = {isa = PBXFileReference; fileEncoding = 4; lastKnownFileType = sourcecode.c.objc; path = Anagrams.m; sourceTree = "<group>"; };
		AF8E93FD1C99D0EE00E2F723 /* Reminder.h */ = {isa = PBXFileReference; fileEncoding = 4; lastKnownFileType = sourcecode.c.h; path = Reminder.h; sourceTree = "<group>"; };
		AF8E93FE1C99D0EE00E2F723 /* Reminder.m */ = {isa = PBXFileReference; fileEncoding = 4; lastKnownFileType = sourcecode.c.objc; path = Reminder.m; sourceTree = "<group>"; };
/* End PBXFileReference section */

/* Begin PBXFrameworksBuildPhase section */
		AF5F86421C9720270086CA82 /* Frameworks */ = {
			isa = PBXFrameworksBuildPhase;
			buildActionMask = 2147483647;
			files = (
				AF5F86801C97214A0086CA82 /* Foundation.framework in Frameworks */,
				AF5F867E1C9721400086CA82 /* AudioToolbox.framework in Frameworks */,
				AF5F867C1C97213A0086CA82 /* CoreGraphics.framework in Frameworks */,
				AF5F867A1C9721310086CA82 /* CoreLocation.framework in Frameworks */,
				AF5F86781C9721290086CA82 /* libz.tbd in Frameworks */,
				AF5F86761C9721230086CA82 /* MobileCoreServices.framework in Frameworks */,
				AF5F86741C9721160086CA82 /* QuartzCore.framework in Frameworks */,
				AF5F86721C97210E0086CA82 /* Security.framework in Frameworks */,
				AF5F866E1C9721020086CA82 /* SystemConfiguration.framework in Frameworks */,
				AF5F86831C973E2A0086CA82 /* MapKit.framework in Frameworks */,
				AF5F866C1C9720F70086CA82 /* libsqlite3.0.tbd in Frameworks */,
				AF5F866A1C97209E0086CA82 /* ParseUI.framework in Frameworks */,
				AF5F86661C97209E0086CA82 /* Parse.framework in Frameworks */,
				AF5F86651C97209E0086CA82 /* Bolts.framework in Frameworks */,
				AF5F86681C97209E0086CA82 /* ParseFacebookUtilsV4.framework in Frameworks */,
				AF5F86671C97209E0086CA82 /* ParseFacebookUtils.framework in Frameworks */,
				AF5F86691C97209E0086CA82 /* ParseTwitterUtils.framework in Frameworks */,
			);
			runOnlyForDeploymentPostprocessing = 0;
		};
/* End PBXFrameworksBuildPhase section */

/* Begin PBXGroup section */
		AF5F863C1C9720270086CA82 = {
			isa = PBXGroup;
			children = (
				AF5F86811C97215E0086CA82 /* Frameworks */,
				AF5F86471C9720270086CA82 /* LocationReminders */,
				AF5F86461C9720270086CA82 /* Products */,
			);
			sourceTree = "<group>";
		};
		AF5F86461C9720270086CA82 /* Products */ = {
			isa = PBXGroup;
			children = (
				AF5F86451C9720270086CA82 /* LocationReminders.app */,
			);
			name = Products;
			sourceTree = "<group>";
		};
		AF5F86471C9720270086CA82 /* LocationReminders */ = {
			isa = PBXGroup;
			children = (
				AF8E93FD1C99D0EE00E2F723 /* Reminder.h */,
				AF8E93FE1C99D0EE00E2F723 /* Reminder.m */,
				AF8E93F61C98A17E00E2F723 /* LocationController.h */,
				AF8E93F71C98A17E00E2F723 /* LocationController.m */,
				AF5F864B1C9720270086CA82 /* AppDelegate.h */,
				AF5F864C1C9720270086CA82 /* AppDelegate.m */,
				AF8E93FC1C99B33500E2F723 /* Controllers */,
				AF5F86511C9720270086CA82 /* Main.storyboard */,
				AF5F86541C9720270086CA82 /* Assets.xcassets */,
				AF5F86561C9720270086CA82 /* LaunchScreen.storyboard */,
				AF5F86591C9720270086CA82 /* Info.plist */,
				AF5F86481C9720270086CA82 /* Supporting Files */,
				AF5F868C1C9765F90086CA82 /* Code Challenges */,
			);
			path = LocationReminders;
			sourceTree = "<group>";
		};
		AF5F86481C9720270086CA82 /* Supporting Files */ = {
			isa = PBXGroup;
			children = (
				AF5F86491C9720270086CA82 /* main.m */,
			);
			name = "Supporting Files";
			sourceTree = "<group>";
		};
		AF5F86811C97215E0086CA82 /* Frameworks */ = {
			isa = PBXGroup;
			children = (
				AF5F86821C973E2A0086CA82 /* MapKit.framework */,
				AF5F865F1C97209E0086CA82 /* Bolts.framework */,
				AF5F86601C97209E0086CA82 /* Parse.framework */,
				AF5F86611C97209E0086CA82 /* ParseFacebookUtils.framework */,
				AF5F86621C97209E0086CA82 /* ParseFacebookUtilsV4.framework */,
				AF5F86631C97209E0086CA82 /* ParseTwitterUtils.framework */,
				AF5F86641C97209E0086CA82 /* ParseUI.framework */,
				AF5F867F1C97214A0086CA82 /* Foundation.framework */,
				AF5F867D1C9721400086CA82 /* AudioToolbox.framework */,
				AF5F867B1C97213A0086CA82 /* CoreGraphics.framework */,
				AF5F86791C9721310086CA82 /* CoreLocation.framework */,
				AF5F86771C9721290086CA82 /* libz.tbd */,
				AF5F86751C9721230086CA82 /* MobileCoreServices.framework */,
				AF5F86731C9721160086CA82 /* QuartzCore.framework */,
				AF5F86711C97210E0086CA82 /* Security.framework */,
				AF5F866D1C9721020086CA82 /* SystemConfiguration.framework */,
				AF5F866B1C9720F70086CA82 /* libsqlite3.0.tbd */,
			);
			name = Frameworks;
			sourceTree = "<group>";
		};
		AF5F868C1C9765F90086CA82 /* Code Challenges */ = {
			isa = PBXGroup;
			children = (
				AF5F86961C9778720086CA82 /* Stack.h */,
				AF5F86971C9778720086CA82 /* Stack.m */,
				AF5F869F1C97B8DE0086CA82 /* ListItem.h */,
				AF5F86A01C97B8DE0086CA82 /* ListItem.m */,
				AF5F869C1C9780870086CA82 /* Queue.h */,
				AF5F869D1C9780870086CA82 /* Queue.m */,
				AF8E93F91C98CD1D00E2F723 /* Anagrams.h */,
				AF8E93FA1C98CD1D00E2F723 /* Anagrams.m */,
			);
			name = "Code Challenges";
			sourceTree = "<group>";
		};
		AF8E93FC1C99B33500E2F723 /* Controllers */ = {
			isa = PBXGroup;
			children = (
				AF5F864E1C9720270086CA82 /* ViewController.h */,
				AF5F864F1C9720270086CA82 /* ViewController.m */,
				AF8E93F31C989A1600E2F723 /* DetailViewController.h */,
				AF8E93F41C989A1600E2F723 /* DetailViewController.m */,
			);
			name = Controllers;
			sourceTree = "<group>";
		};
/* End PBXGroup section */

/* Begin PBXNativeTarget section */
		AF5F86441C9720270086CA82 /* LocationReminders */ = {
			isa = PBXNativeTarget;
			buildConfigurationList = AF5F865C1C9720270086CA82 /* Build configuration list for PBXNativeTarget "LocationReminders" */;
			buildPhases = (
				AF5F86411C9720270086CA82 /* Sources */,
				AF5F86421C9720270086CA82 /* Frameworks */,
				AF5F86431C9720270086CA82 /* Resources */,
			);
			buildRules = (
			);
			dependencies = (
			);
			name = LocationReminders;
			productName = LocationReminders;
			productReference = AF5F86451C9720270086CA82 /* LocationReminders.app */;
			productType = "com.apple.product-type.application";
		};
/* End PBXNativeTarget section */

/* Begin PBXProject section */
		AF5F863D1C9720270086CA82 /* Project object */ = {
			isa = PBXProject;
			attributes = {
				LastUpgradeCheck = 0720;
				ORGANIZATIONNAME = "Lacey Vu";
				TargetAttributes = {
					AF5F86441C9720270086CA82 = {
						CreatedOnToolsVersion = 7.2.1;
						DevelopmentTeam = DX4E259Z9N;
						SystemCapabilities = {
							com.apple.InAppPurchase = {
								enabled = 0;
							};
							com.apple.Maps.iOS = {
								enabled = 1;
							};
						};
					};
				};
			};
			buildConfigurationList = AF5F86401C9720270086CA82 /* Build configuration list for PBXProject "LocationReminders" */;
			compatibilityVersion = "Xcode 3.2";
			developmentRegion = English;
			hasScannedForEncodings = 0;
			knownRegions = (
				en,
				Base,
			);
			mainGroup = AF5F863C1C9720270086CA82;
			productRefGroup = AF5F86461C9720270086CA82 /* Products */;
			projectDirPath = "";
			projectRoot = "";
			targets = (
				AF5F86441C9720270086CA82 /* LocationReminders */,
			);
		};
/* End PBXProject section */

/* Begin PBXResourcesBuildPhase section */
		AF5F86431C9720270086CA82 /* Resources */ = {
			isa = PBXResourcesBuildPhase;
			buildActionMask = 2147483647;
			files = (
				AF5F86581C9720270086CA82 /* LaunchScreen.storyboard in Resources */,
				AF5F86551C9720270086CA82 /* Assets.xcassets in Resources */,
				AF5F86531C9720270086CA82 /* Main.storyboard in Resources */,
			);
			runOnlyForDeploymentPostprocessing = 0;
		};
/* End PBXResourcesBuildPhase section */

/* Begin PBXSourcesBuildPhase section */
		AF5F86411C9720270086CA82 /* Sources */ = {
			isa = PBXSourcesBuildPhase;
			buildActionMask = 2147483647;
			files = (
				AF8E93FB1C98CD1D00E2F723 /* Anagrams.m in Sources */,
				AF5F869E1C9780870086CA82 /* Queue.m in Sources */,
				AF5F86501C9720270086CA82 /* ViewController.m in Sources */,
				AF8E93FF1C99D0EE00E2F723 /* Reminder.m in Sources */,
				AF5F86A11C97B8DE0086CA82 /* ListItem.m in Sources */,
				AF5F864D1C9720270086CA82 /* AppDelegate.m in Sources */,
				AF8E93F81C98A17E00E2F723 /* LocationController.m in Sources */,
				AF5F86981C9778720086CA82 /* Stack.m in Sources */,
				AF5F864A1C9720270086CA82 /* main.m in Sources */,
				AF8E93F51C989A1600E2F723 /* DetailViewController.m in Sources */,
			);
			runOnlyForDeploymentPostprocessing = 0;
		};
/* End PBXSourcesBuildPhase section */

/* Begin PBXVariantGroup section */
		AF5F86511C9720270086CA82 /* Main.storyboard */ = {
			isa = PBXVariantGroup;
			children = (
				AF5F86521C9720270086CA82 /* Base */,
			);
			name = Main.storyboard;
			sourceTree = "<group>";
		};
		AF5F86561C9720270086CA82 /* LaunchScreen.storyboard */ = {
			isa = PBXVariantGroup;
			children = (
				AF5F86571C9720270086CA82 /* Base */,
			);
			name = LaunchScreen.storyboard;
			sourceTree = "<group>";
		};
/* End PBXVariantGroup section */

/* Begin XCBuildConfiguration section */
		AF5F865A1C9720270086CA82 /* Debug */ = {
			isa = XCBuildConfiguration;
			buildSettings = {
				ALWAYS_SEARCH_USER_PATHS = NO;
				CLANG_CXX_LANGUAGE_STANDARD = "gnu++0x";
				CLANG_CXX_LIBRARY = "libc++";
				CLANG_ENABLE_MODULES = YES;
				CLANG_ENABLE_OBJC_ARC = YES;
				CLANG_WARN_BOOL_CONVERSION = YES;
				CLANG_WARN_CONSTANT_CONVERSION = YES;
				CLANG_WARN_DIRECT_OBJC_ISA_USAGE = YES_ERROR;
				CLANG_WARN_EMPTY_BODY = YES;
				CLANG_WARN_ENUM_CONVERSION = YES;
				CLANG_WARN_INT_CONVERSION = YES;
				CLANG_WARN_OBJC_ROOT_CLASS = YES_ERROR;
				CLANG_WARN_UNREACHABLE_CODE = YES;
				CLANG_WARN__DUPLICATE_METHOD_MATCH = YES;
				"CODE_SIGN_IDENTITY[sdk=iphoneos*]" = "iPhone Developer";
				COPY_PHASE_STRIP = NO;
				DEBUG_INFORMATION_FORMAT = dwarf;
				ENABLE_STRICT_OBJC_MSGSEND = YES;
				ENABLE_TESTABILITY = YES;
				GCC_C_LANGUAGE_STANDARD = gnu99;
				GCC_DYNAMIC_NO_PIC = NO;
				GCC_NO_COMMON_BLOCKS = YES;
				GCC_OPTIMIZATION_LEVEL = 0;
				GCC_PREPROCESSOR_DEFINITIONS = (
					"DEBUG=1",
					"$(inherited)",
				);
				GCC_WARN_64_TO_32_BIT_CONVERSION = YES;
				GCC_WARN_ABOUT_RETURN_TYPE = YES_ERROR;
				GCC_WARN_UNDECLARED_SELECTOR = YES;
				GCC_WARN_UNINITIALIZED_AUTOS = YES_AGGRESSIVE;
				GCC_WARN_UNUSED_FUNCTION = YES;
				GCC_WARN_UNUSED_VARIABLE = YES;
				IPHONEOS_DEPLOYMENT_TARGET = 9.2;
				MTL_ENABLE_DEBUG_INFO = YES;
				ONLY_ACTIVE_ARCH = YES;
				SDKROOT = iphoneos;
				TARGETED_DEVICE_FAMILY = "1,2";
			};
			name = Debug;
		};
		AF5F865B1C9720270086CA82 /* Release */ = {
			isa = XCBuildConfiguration;
			buildSettings = {
				ALWAYS_SEARCH_USER_PATHS = NO;
				CLANG_CXX_LANGUAGE_STANDARD = "gnu++0x";
				CLANG_CXX_LIBRARY = "libc++";
				CLANG_ENABLE_MODULES = YES;
				CLANG_ENABLE_OBJC_ARC = YES;
				CLANG_WARN_BOOL_CONVERSION = YES;
				CLANG_WARN_CONSTANT_CONVERSION = YES;
				CLANG_WARN_DIRECT_OBJC_ISA_USAGE = YES_ERROR;
				CLANG_WARN_EMPTY_BODY = YES;
				CLANG_WARN_ENUM_CONVERSION = YES;
				CLANG_WARN_INT_CONVERSION = YES;
				CLANG_WARN_OBJC_ROOT_CLASS = YES_ERROR;
				CLANG_WARN_UNREACHABLE_CODE = YES;
				CLANG_WARN__DUPLICATE_METHOD_MATCH = YES;
				"CODE_SIGN_IDENTITY[sdk=iphoneos*]" = "iPhone Developer";
				COPY_PHASE_STRIP = NO;
				DEBUG_INFORMATION_FORMAT = "dwarf-with-dsym";
				ENABLE_NS_ASSERTIONS = NO;
				ENABLE_STRICT_OBJC_MSGSEND = YES;
				GCC_C_LANGUAGE_STANDARD = gnu99;
				GCC_NO_COMMON_BLOCKS = YES;
				GCC_WARN_64_TO_32_BIT_CONVERSION = YES;
				GCC_WARN_ABOUT_RETURN_TYPE = YES_ERROR;
				GCC_WARN_UNDECLARED_SELECTOR = YES;
				GCC_WARN_UNINITIALIZED_AUTOS = YES_AGGRESSIVE;
				GCC_WARN_UNUSED_FUNCTION = YES;
				GCC_WARN_UNUSED_VARIABLE = YES;
				IPHONEOS_DEPLOYMENT_TARGET = 9.2;
				MTL_ENABLE_DEBUG_INFO = NO;
				SDKROOT = iphoneos;
				TARGETED_DEVICE_FAMILY = "1,2";
				VALIDATE_PRODUCT = YES;
			};
			name = Release;
		};
		AF5F865D1C9720270086CA82 /* Debug */ = {
			isa = XCBuildConfiguration;
			buildSettings = {
				ASSETCATALOG_COMPILER_APPICON_NAME = AppIcon;
				CODE_SIGN_IDENTITY = "iPhone Developer";
				"CODE_SIGN_IDENTITY[sdk=iphoneos*]" = "iPhone Developer";
				FRAMEWORK_SEARCH_PATHS = (
					"$(inherited)",
					"$(PROJECT_DIR)/LocationReminders",
				);
				INFOPLIST_FILE = LocationReminders/Info.plist;
				LD_RUNPATH_SEARCH_PATHS = "$(inherited) @executable_path/Frameworks";
				PRODUCT_BUNDLE_IDENTIFIER = com.laceyvu.LocationReminders;
				PRODUCT_NAME = "$(TARGET_NAME)";
				PROVISIONING_PROFILE = "";
			};
			name = Debug;
		};
		AF5F865E1C9720270086CA82 /* Release */ = {
			isa = XCBuildConfiguration;
			buildSettings = {
				ASSETCATALOG_COMPILER_APPICON_NAME = AppIcon;
				CODE_SIGN_IDENTITY = "iPhone Developer";
				"CODE_SIGN_IDENTITY[sdk=iphoneos*]" = "iPhone Developer";
				FRAMEWORK_SEARCH_PATHS = (
					"$(inherited)",
					"$(PROJECT_DIR)/LocationReminders",
				);
				INFOPLIST_FILE = LocationReminders/Info.plist;
				LD_RUNPATH_SEARCH_PATHS = "$(inherited) @executable_path/Frameworks";
				PRODUCT_BUNDLE_IDENTIFIER = com.laceyvu.LocationReminders;
				PRODUCT_NAME = "$(TARGET_NAME)";
				PROVISIONING_PROFILE = "";
			};
			name = Release;
		};
/* End XCBuildConfiguration section */

/* Begin XCConfigurationList section */
		AF5F86401C9720270086CA82 /* Build configuration list for PBXProject "LocationReminders" */ = {
			isa = XCConfigurationList;
			buildConfigurations = (
				AF5F865A1C9720270086CA82 /* Debug */,
				AF5F865B1C9720270086CA82 /* Release */,
			);
			defaultConfigurationIsVisible = 0;
			defaultConfigurationName = Release;
		};
		AF5F865C1C9720270086CA82 /* Build configuration list for PBXNativeTarget "LocationReminders" */ = {
			isa = XCConfigurationList;
			buildConfigurations = (
				AF5F865D1C9720270086CA82 /* Debug */,
				AF5F865E1C9720270086CA82 /* Release */,
			);
			defaultConfigurationIsVisible = 0;
			defaultConfigurationName = Release;
		};
/* End XCConfigurationList section */
	};
	rootObject = AF5F863D1C9720270086CA82 /* Project object */;
}
